
Microsoft Visual Studio Solution File, Format Version 12.00
# Visual Studio Version 16
VisualStudioVersion = 16.0.34114.132
MinimumVisualStudioVersion = 10.0.40219.1
Project("{FAE04EC0-301F-11D3-BF4B-00C04F79EFBC}") = "YoctoMacro", "YoctoMacro\YoctoMacro.csproj", "{06A5B434-EC99-4ADB-8640-E3DB5EB07FC9}"
EndProject
Global
	GlobalSection(SolutionConfigurationPlatforms) = preSolution
		Debug|Any CPU = Debug|Any CPU
		Release|Any CPU = Release|Any CPU
	EndGlobalSection
	GlobalSection(ProjectConfigurationPlatforms) = postSolution
		{06A5B434-EC99-4ADB-8640-E3DB5EB07FC9}.Debug|Any CPU.ActiveCfg = Debug|Any CPU
		{06A5B434-EC99-4ADB-8640-E3DB5EB07FC9}.Debug|Any CPU.Build.0 = Debug|Any CPU
		{06A5B434-EC99-4ADB-8640-E3DB5EB07FC9}.Release|Any CPU.ActiveCfg = Release|Any CPU
		{06A5B434-EC99-4ADB-8640-E3DB5EB07FC9}.Release|Any CPU.Build.0 = Release|Any CPU
	EndGlobalSection
	GlobalSection(SolutionProperties) = preSolution
		HideSolutionNode = FALSE
	EndGlobalSection
	GlobalSection(ExtensibilityGlobals) = postSolution
		SolutionGuid = {DB4D8FD2-04EF-4BFB-8BFE-02EFF14BE3C1}
	EndGlobalSection
EndGlobal
